// !$*UTF8*$!
{
	archiveVersion = 1;
	classes = {
	};
	objectVersion = 50;
	objects = {

/* Begin PBXBuildFile section */
		044086E3231E047E00E65CCE /* AppDelegate.m in Sources */ = {isa = PBXBuildFile; fileRef = 044086E2231E047E00E65CCE /* AppDelegate.m */; };
		044086E6231E047E00E65CCE /* ViewController.m in Sources */ = {isa = PBXBuildFile; fileRef = 044086E5231E047E00E65CCE /* ViewController.m */; };
		044086E9231E047E00E65CCE /* Main.storyboard in Resources */ = {isa = PBXBuildFile; fileRef = 044086E7231E047E00E65CCE /* Main.storyboard */; };
		044086EB231E047F00E65CCE /* Assets.xcassets in Resources */ = {isa = PBXBuildFile; fileRef = 044086EA231E047F00E65CCE /* Assets.xcassets */; };
		044086EE231E047F00E65CCE /* LaunchScreen.storyboard in Resources */ = {isa = PBXBuildFile; fileRef = 044086EC231E047F00E65CCE /* LaunchScreen.storyboard */; };
		044086F1231E047F00E65CCE /* main.m in Sources */ = {isa = PBXBuildFile; fileRef = 044086F0231E047F00E65CCE /* main.m */; };
		044086FB231E047F00E65CCE /* AlgorithmTests.m in Sources */ = {isa = PBXBuildFile; fileRef = 044086FA231E047F00E65CCE /* AlgorithmTests.m */; };
		04408706231E047F00E65CCE /* AlgorithmUITests.m in Sources */ = {isa = PBXBuildFile; fileRef = 04408705231E047F00E65CCE /* AlgorithmUITests.m */; };
/* End PBXBuildFile section */

/* Begin PBXContainerItemProxy section */
		044086F7231E047F00E65CCE /* PBXContainerItemProxy */ = {
			isa = PBXContainerItemProxy;
			containerPortal = 044086D6231E047E00E65CCE /* Project object */;
			proxyType = 1;
			remoteGlobalIDString = 044086DD231E047E00E65CCE;
			remoteInfo = Algorithm;
		};
		04408702231E047F00E65CCE /* PBXContainerItemProxy */ = {
			isa = PBXContainerItemProxy;
			containerPortal = 044086D6231E047E00E65CCE /* Project object */;
			proxyType = 1;
			remoteGlobalIDString = 044086DD231E047E00E65CCE;
			remoteInfo = Algorithm;
		};
/* End PBXContainerItemProxy section */

/* Begin PBXFileReference section */
		044086DE231E047E00E65CCE /* Algorithm.app */ = {isa = PBXFileReference; explicitFileType = wrapper.application; includeInIndex = 0; path = Algorithm.app; sourceTree = BUILT_PRODUCTS_DIR; };
		044086E1231E047E00E65CCE /* AppDelegate.h */ = {isa = PBXFileReference; lastKnownFileType = sourcecode.c.h; path = AppDelegate.h; sourceTree = "<group>"; };
		044086E2231E047E00E65CCE /* AppDelegate.m */ = {isa = PBXFileReference; lastKnownFileType = sourcecode.c.objc; path = AppDelegate.m; sourceTree = "<group>"; };
		044086E4231E047E00E65CCE /* ViewController.h */ = {isa = PBXFileReference; lastKnownFileType = sourcecode.c.h; path = ViewController.h; sourceTree = "<group>"; };
		044086E5231E047E00E65CCE /* ViewController.m */ = {isa = PBXFileReference; lastKnownFileType = sourcecode.c.objc; path = ViewController.m; sourceTree = "<group>"; };
		044086E8231E047E00E65CCE /* Base */ = {isa = PBXFileReference; lastKnownFileType = file.storyboard; name = Base; path = Base.lproj/Main.storyboard; sourceTree = "<group>"; };
		044086EA231E047F00E65CCE /* Assets.xcassets */ = {isa = PBXFileReference; lastKnownFileType = folder.assetcatalog; path = Assets.xcassets; sourceTree = "<group>"; };
		044086ED231E047F00E65CCE /* Base */ = {isa = PBXFileReference; lastKnownFileType = file.storyboard; name = Base; path = Base.lproj/LaunchScreen.storyboard; sourceTree = "<group>"; };
		044086EF231E047F00E65CCE /* Info.plist */ = {isa = PBXFileReference; lastKnownFileType = text.plist.xml; path = Info.plist; sourceTree = "<group>"; };
		044086F0231E047F00E65CCE /* main.m */ = {isa = PBXFileReference; lastKnownFileType = sourcecode.c.objc; path = main.m; sourceTree = "<group>"; };
		044086F6231E047F00E65CCE /* AlgorithmTests.xctest */ = {isa = PBXFileReference; explicitFileType = wrapper.cfbundle; includeInIndex = 0; path = AlgorithmTests.xctest; sourceTree = BUILT_PRODUCTS_DIR; };
		044086FA231E047F00E65CCE /* AlgorithmTests.m */ = {isa = PBXFileReference; lastKnownFileType = sourcecode.c.objc; path = AlgorithmTests.m; sourceTree = "<group>"; };
		044086FC231E047F00E65CCE /* Info.plist */ = {isa = PBXFileReference; lastKnownFileType = text.plist.xml; path = Info.plist; sourceTree = "<group>"; };
		04408701231E047F00E65CCE /* AlgorithmUITests.xctest */ = {isa = PBXFileReference; explicitFileType = wrapper.cfbundle; includeInIndex = 0; path = AlgorithmUITests.xctest; sourceTree = BUILT_PRODUCTS_DIR; };
		04408705231E047F00E65CCE /* AlgorithmUITests.m */ = {isa = PBXFileReference; lastKnownFileType = sourcecode.c.objc; path = AlgorithmUITests.m; sourceTree = "<group>"; };
		04408707231E047F00E65CCE /* Info.plist */ = {isa = PBXFileReference; lastKnownFileType = text.plist.xml; path = Info.plist; sourceTree = "<group>"; };
/* End PBXFileReference section */

/* Begin PBXFrameworksBuildPhase section */
		044086DB231E047E00E65CCE /* Frameworks */ = {
			isa = PBXFrameworksBuildPhase;
			buildActionMask = 2147483647;
			files = (
			);
			runOnlyForDeploymentPostprocessing = 0;
		};
		044086F3231E047F00E65CCE /* Frameworks */ = {
			isa = PBXFrameworksBuildPhase;
			buildActionMask = 2147483647;
			files = (
			);
			runOnlyForDeploymentPostprocessing = 0;
		};
		044086FE231E047F00E65CCE /* Frameworks */ = {
			isa = PBXFrameworksBuildPhase;
			buildActionMask = 2147483647;
			files = (
			);
			runOnlyForDeploymentPostprocessing = 0;
		};
/* End PBXFrameworksBuildPhase section */

/* Begin PBXGroup section */
		044086D5231E047E00E65CCE = {
			isa = PBXGroup;
			children = (
				044086E0231E047E00E65CCE /* Algorithm */,
				044086F9231E047F00E65CCE /* AlgorithmTests */,
				04408704231E047F00E65CCE /* AlgorithmUITests */,
				044086DF231E047E00E65CCE /* Products */,
			);
			sourceTree = "<group>";
		};
		044086DF231E047E00E65CCE /* Products */ = {
			isa = PBXGroup;
			children = (
				044086DE231E047E00E65CCE /* Algorithm.app */,
				044086F6231E047F00E65CCE /* AlgorithmTests.xctest */,
				04408701231E047F00E65CCE /* AlgorithmUITests.xctest */,
			);
			name = Products;
			sourceTree = "<group>";
		};
		044086E0231E047E00E65CCE /* Algorithm */ = {
			isa = PBXGroup;
			children = (
				044086E1231E047E00E65CCE /* AppDelegate.h */,
				044086E2231E047E00E65CCE /* AppDelegate.m */,
				044086E4231E047E00E65CCE /* ViewController.h */,
				044086E5231E047E00E65CCE /* ViewController.m */,
				044086E7231E047E00E65CCE /* Main.storyboard */,
				044086EA231E047F00E65CCE /* Assets.xcassets */,
				044086EC231E047F00E65CCE /* LaunchScreen.storyboard */,
				044086EF231E047F00E65CCE /* Info.plist */,
				044086F0231E047F00E65CCE /* main.m */,
			);
			path = Algorithm;
			sourceTree = "<group>";
		};
		044086F9231E047F00E65CCE /* AlgorithmTests */ = {
			isa = PBXGroup;
			children = (
				044086FA231E047F00E65CCE /* AlgorithmTests.m */,
				044086FC231E047F00E65CCE /* Info.plist */,
			);
			path = AlgorithmTests;
			sourceTree = "<group>";
		};
		04408704231E047F00E65CCE /* AlgorithmUITests */ = {
			isa = PBXGroup;
			children = (
				04408705231E047F00E65CCE /* AlgorithmUITests.m */,
				04408707231E047F00E65CCE /* Info.plist */,
			);
			path = AlgorithmUITests;
			sourceTree = "<group>";
		};
/* End PBXGroup section */

/* Begin PBXNativeTarget section */
		044086DD231E047E00E65CCE /* Algorithm */ = {
			isa = PBXNativeTarget;
			buildConfigurationList = 0440870A231E047F00E65CCE /* Build configuration list for PBXNativeTarget "Algorithm" */;
			buildPhases = (
				044086DA231E047E00E65CCE /* Sources */,
				044086DB231E047E00E65CCE /* Frameworks */,
				044086DC231E047E00E65CCE /* Resources */,
			);
			buildRules = (
			);
			dependencies = (
			);
			name = Algorithm;
			productName = Algorithm;
			productReference = 044086DE231E047E00E65CCE /* Algorithm.app */;
			productType = "com.apple.product-type.application";
		};
		044086F5231E047F00E65CCE /* AlgorithmTests */ = {
			isa = PBXNativeTarget;
			buildConfigurationList = 0440870D231E047F00E65CCE /* Build configuration list for PBXNativeTarget "AlgorithmTests" */;
			buildPhases = (
				044086F2231E047F00E65CCE /* Sources */,
				044086F3231E047F00E65CCE /* Frameworks */,
				044086F4231E047F00E65CCE /* Resources */,
			);
			buildRules = (
			);
			dependencies = (
				044086F8231E047F00E65CCE /* PBXTargetDependency */,
			);
			name = AlgorithmTests;
			productName = AlgorithmTests;
			productReference = 044086F6231E047F00E65CCE /* AlgorithmTests.xctest */;
			productType = "com.apple.product-type.bundle.unit-test";
		};
		04408700231E047F00E65CCE /* AlgorithmUITests */ = {
			isa = PBXNativeTarget;
			buildConfigurationList = 04408710231E047F00E65CCE /* Build configuration list for PBXNativeTarget "AlgorithmUITests" */;
			buildPhases = (
				044086FD231E047F00E65CCE /* Sources */,
				044086FE231E047F00E65CCE /* Frameworks */,
				044086FF231E047F00E65CCE /* Resources */,
			);
			buildRules = (
			);
			dependencies = (
				04408703231E047F00E65CCE /* PBXTargetDependency */,
			);
			name = AlgorithmUITests;
			productName = AlgorithmUITests;
			productReference = 04408701231E047F00E65CCE /* AlgorithmUITests.xctest */;
			productType = "com.apple.product-type.bundle.ui-testing";
		};
/* End PBXNativeTarget section */

/* Begin PBXProject section */
		044086D6231E047E00E65CCE /* Project object */ = {
			isa = PBXProject;
			attributes = {
				LastUpgradeCheck = 1000;
				ORGANIZATIONNAME = DuWenliang;
				TargetAttributes = {
					044086DD231E047E00E65CCE = {
						CreatedOnToolsVersion = 10.0;
					};
					044086F5231E047F00E65CCE = {
						CreatedOnToolsVersion = 10.0;
						TestTargetID = 044086DD231E047E00E65CCE;
					};
					04408700231E047F00E65CCE = {
						CreatedOnToolsVersion = 10.0;
						TestTargetID = 044086DD231E047E00E65CCE;
					};
				};
			};
			buildConfigurationList = 044086D9231E047E00E65CCE /* Build configuration list for PBXProject "Algorithm" */;
			compatibilityVersion = "Xcode 9.3";
			developmentRegion = en;
			hasScannedForEncodings = 0;
			knownRegions = (
				en,
				Base,
			);
			mainGroup = 044086D5231E047E00E65CCE;
			productRefGroup = 044086DF231E047E00E65CCE /* Products */;
			projectDirPath = "";
			projectRoot = "";
			targets = (
				044086DD231E047E00E65CCE /* Algorithm */,
				044086F5231E047F00E65CCE /* AlgorithmTests */,
				04408700231E047F00E65CCE /* AlgorithmUITests */,
			);
		};
/* End PBXProject section */

/* Begin PBXResourcesBuildPhase section */
		044086DC231E047E00E65CCE /* Resources */ = {
			isa = PBXResourcesBuildPhase;
			buildActionMask = 2147483647;
			files = (
				044086EE231E047F00E65CCE /* LaunchScreen.storyboard in Resources */,
				044086EB231E047F00E65CCE /* Assets.xcassets in Resources */,
				044086E9231E047E00E65CCE /* Main.storyboard in Resources */,
			);
			runOnlyForDeploymentPostprocessing = 0;
		};
		044086F4231E047F00E65CCE /* Resources */ = {
			isa = PBXResourcesBuildPhase;
			buildActionMask = 2147483647;
			files = (
			);
			runOnlyForDeploymentPostprocessing = 0;
		};
		044086FF231E047F00E65CCE /* Resources */ = {
			isa = PBXResourcesBuildPhase;
			buildActionMask = 2147483647;
			files = (
			);
			runOnlyForDeploymentPostprocessing = 0;
		};
/* End PBXResourcesBuildPhase section */

/* Begin PBXSourcesBuildPhase section */
		044086DA231E047E00E65CCE /* Sources */ = {
			isa = PBXSourcesBuildPhase;
			buildActionMask = 2147483647;
			files = (
				044086E6231E047E00E65CCE /* ViewController.m in Sources */,
				044086F1231E047F00E65CCE /* main.m in Sources */,
				044086E3231E047E00E65CCE /* AppDelegate.m in Sources */,
			);
			runOnlyForDeploymentPostprocessing = 0;
		};
		044086F2231E047F00E65CCE /* Sources */ = {
			isa = PBXSourcesBuildPhase;
			buildActionMask = 2147483647;
			files = (
				044086FB231E047F00E65CCE /* AlgorithmTests.m in Sources */,
			);
			runOnlyForDeploymentPostprocessing = 0;
		};
		044086FD231E047F00E65CCE /* Sources */ = {
			isa = PBXSourcesBuildPhase;
			buildActionMask = 2147483647;
			files = (
				04408706231E047F00E65CCE /* AlgorithmUITests.m in Sources */,
			);
			runOnlyForDeploymentPostprocessing = 0;
		};
/* End PBXSourcesBuildPhase section */

/* Begin PBXTargetDependency section */
		044086F8231E047F00E65CCE /* PBXTargetDependency */ = {
			isa = PBXTargetDependency;
			target = 044086DD231E047E00E65CCE /* Algorithm */;
			targetProxy = 044086F7231E047F00E65CCE /* PBXContainerItemProxy */;
		};
		04408703231E047F00E65CCE /* PBXTargetDependency */ = {
			isa = PBXTargetDependency;
			target = 044086DD231E047E00E65CCE /* Algorithm */;
			targetProxy = 04408702231E047F00E65CCE /* PBXContainerItemProxy */;
		};
/* End PBXTargetDependency section */

/* Begin PBXVariantGroup section */
		044086E7231E047E00E65CCE /* Main.storyboard */ = {
			isa = PBXVariantGroup;
			children = (
				044086E8231E047E00E65CCE /* Base */,
			);
			name = Main.storyboard;
			sourceTree = "<group>";
		};
		044086EC231E047F00E65CCE /* LaunchScreen.storyboard */ = {
			isa = PBXVariantGroup;
			children = (
				044086ED231E047F00E65CCE /* Base */,
			);
			name = LaunchScreen.storyboard;
			sourceTree = "<group>";
		};
/* End PBXVariantGroup section */

/* Begin XCBuildConfiguration section */
		04408708231E047F00E65CCE /* Debug */ = {
			isa = XCBuildConfiguration;
			buildSettings = {
				ALWAYS_SEARCH_USER_PATHS = NO;
				CLANG_ANALYZER_NONNULL = YES;
				CLANG_ANALYZER_NUMBER_OBJECT_CONVERSION = YES_AGGRESSIVE;
				CLANG_CXX_LANGUAGE_STANDARD = "gnu++14";
				CLANG_CXX_LIBRARY = "libc++";
				CLANG_ENABLE_MODULES = YES;
				CLANG_ENABLE_OBJC_ARC = YES;
				CLANG_ENABLE_OBJC_WEAK = YES;
				CLANG_WARN_BLOCK_CAPTURE_AUTORELEASING = YES;
				CLANG_WARN_BOOL_CONVERSION = YES;
				CLANG_WARN_COMMA = YES;
				CLANG_WARN_CONSTANT_CONVERSION = YES;
				CLANG_WARN_DEPRECATED_OBJC_IMPLEMENTATIONS = YES;
				CLANG_WARN_DIRECT_OBJC_ISA_USAGE = YES_ERROR;
				CLANG_WARN_DOCUMENTATION_COMMENTS = YES;
				CLANG_WARN_EMPTY_BODY = YES;
				CLANG_WARN_ENUM_CONVERSION = YES;
				CLANG_WARN_INFINITE_RECURSION = YES;
				CLANG_WARN_INT_CONVERSION = YES;
				CLANG_WARN_NON_LITERAL_NULL_CONVERSION = YES;
				CLANG_WARN_OBJC_IMPLICIT_RETAIN_SELF = YES;
				CLANG_WARN_OBJC_LITERAL_CONVERSION = YES;
				CLANG_WARN_OBJC_ROOT_CLASS = YES_ERROR;
				CLANG_WARN_RANGE_LOOP_ANALYSIS = YES;
				CLANG_WARN_STRICT_PROTOTYPES = YES;
				CLANG_WARN_SUSPICIOUS_MOVE = YES;
				CLANG_WARN_UNGUARDED_AVAILABILITY = YES_AGGRESSIVE;
				CLANG_WARN_UNREACHABLE_CODE = YES;
				CLANG_WARN__DUPLICATE_METHOD_MATCH = YES;
				CODE_SIGN_IDENTITY = "iPhone Developer";
				COPY_PHASE_STRIP = NO;
				DEBUG_INFORMATION_FORMAT = dwarf;
				ENABLE_STRICT_OBJC_MSGSEND = YES;
				ENABLE_TESTABILITY = YES;
				GCC_C_LANGUAGE_STANDARD = gnu11;
				GCC_DYNAMIC_NO_PIC = NO;
				GCC_NO_COMMON_BLOCKS = YES;
				GCC_OPTIMIZATION_LEVEL = 0;
				GCC_PREPROCESSOR_DEFINITIONS = (
					"DEBUG=1",
					"$(inherited)",
				);
				GCC_WARN_64_TO_32_BIT_CONVERSION = YES;
				GCC_WARN_ABOUT_RETURN_TYPE = YES_ERROR;
				GCC_WARN_UNDECLARED_SELECTOR = YES;
				GCC_WARN_UNINITIALIZED_AUTOS = YES_AGGRESSIVE;
				GCC_WARN_UNUSED_FUNCTION = YES;
				GCC_WARN_UNUSED_VARIABLE = YES;
				IPHONEOS_DEPLOYMENT_TARGET = 12.0;
				MTL_ENABLE_DEBUG_INFO = INCLUDE_SOURCE;
				MTL_FAST_MATH = YES;
				ONLY_ACTIVE_ARCH = YES;
				SDKROOT = iphoneos;
			};
			name = Debug;
		};
		04408709231E047F00E65CCE /* Release */ = {
			isa = XCBuildConfiguration;
			buildSettings = {
				ALWAYS_SEARCH_USER_PATHS = NO;
				CLANG_ANALYZER_NONNULL = YES;
				CLANG_ANALYZER_NUMBER_OBJECT_CONVERSION = YES_AGGRESSIVE;
				CLANG_CXX_LANGUAGE_STANDARD = "gnu++14";
				CLANG_CXX_LIBRARY = "libc++";
				CLANG_ENABLE_MODULES = YES;
				CLANG_ENABLE_OBJC_ARC = YES;
				CLANG_ENABLE_OBJC_WEAK = YES;
				CLANG_WARN_BLOCK_CAPTURE_AUTORELEASING = YES;
				CLANG_WARN_BOOL_CONVERSION = YES;
				CLANG_WARN_COMMA = YES;
				CLANG_WARN_CONSTANT_CONVERSION = YES;
				CLANG_WARN_DEPRECATED_OBJC_IMPLEMENTATIONS = YES;
				CLANG_WARN_DIRECT_OBJC_ISA_USAGE = YES_ERROR;
				CLANG_WARN_DOCUMENTATION_COMMENTS = YES;
				CLANG_WARN_EMPTY_BODY = YES;
				CLANG_WARN_ENUM_CONVERSION = YES;
				CLANG_WARN_INFINITE_RECURSION = YES;
				CLANG_WARN_INT_CONVERSION = YES;
				CLANG_WARN_NON_LITERAL_NULL_CONVERSION = YES;
				CLANG_WARN_OBJC_IMPLICIT_RETAIN_SELF = YES;
				CLANG_WARN_OBJC_LITERAL_CONVERSION = YES;
				CLANG_WARN_OBJC_ROOT_CLASS = YES_ERROR;
				CLANG_WARN_RANGE_LOOP_ANALYSIS = YES;
				CLANG_WARN_STRICT_PROTOTYPES = YES;
				CLANG_WARN_SUSPICIOUS_MOVE = YES;
				CLANG_WARN_UNGUARDED_AVAILABILITY = YES_AGGRESSIVE;
				CLANG_WARN_UNREACHABLE_CODE = YES;
				CLANG_WARN__DUPLICATE_METHOD_MATCH = YES;
				CODE_SIGN_IDENTITY = "iPhone Developer";
				COPY_PHASE_STRIP = NO;
				DEBUG_INFORMATION_FORMAT = "dwarf-with-dsym";
				ENABLE_NS_ASSERTIONS = NO;
				ENABLE_STRICT_OBJC_MSGSEND = YES;
				GCC_C_LANGUAGE_STANDARD = gnu11;
				GCC_NO_COMMON_BLOCKS = YES;
				GCC_WARN_64_TO_32_BIT_CONVERSION = YES;
				GCC_WARN_ABOUT_RETURN_TYPE = YES_ERROR;
				GCC_WARN_UNDECLARED_SELECTOR = YES;
				GCC_WARN_UNINITIALIZED_AUTOS = YES_AGGRESSIVE;
				GCC_WARN_UNUSED_FUNCTION = YES;
				GCC_WARN_UNUSED_VARIABLE = YES;
				IPHONEOS_DEPLOYMENT_TARGET = 12.0;
				MTL_ENABLE_DEBUG_INFO = NO;
				MTL_FAST_MATH = YES;
				SDKROOT = iphoneos;
				VALIDATE_PRODUCT = YES;
			};
			name = Release;
		};
		0440870B231E047F00E65CCE /* Debug */ = {
			isa = XCBuildConfiguration;
			buildSettings = {
				ASSETCATALOG_COMPILER_APPICON_NAME = AppIcon;
				CODE_SIGN_IDENTITY = "iPhone Developer";
				CODE_SIGN_STYLE = Automatic;
				DEVELOPMENT_TEAM = 8MCBLL5HW5;
				INFOPLIST_FILE = Algorithm/Info.plist;
				IPHONEOS_DEPLOYMENT_TARGET = 9.0;
				LD_RUNPATH_SEARCH_PATHS = (
					"$(inherited)",
					"@executable_path/Frameworks",
				);
				PRODUCT_BUNDLE_IDENTIFIER = com.cnki.AlgorithmDemo;
				PRODUCT_NAME = "$(TARGET_NAME)";
				PROVISIONING_PROFILE_SPECIFIER = "";
				TARGETED_DEVICE_FAMILY = "1,2";
			};
			name = Debug;
		};
		0440870C231E047F00E65CCE /* Release */ = {
			isa = XCBuildConfiguration;
			buildSettings = {
				ASSETCATALOG_COMPILER_APPICON_NAME = AppIcon;
				CODE_SIGN_IDENTITY = "iPhone Developer";
				CODE_SIGN_STYLE = Automatic;
				DEVELOPMENT_TEAM = 8MCBLL5HW5;
				INFOPLIST_FILE = Algorithm/Info.plist;
				IPHONEOS_DEPLOYMENT_TARGET = 9.0;
				LD_RUNPATH_SEARCH_PATHS = (
					"$(inherited)",
					"@executable_path/Frameworks",
				);
				PRODUCT_BUNDLE_IDENTIFIER = com.cnki.AlgorithmDemo;
				PRODUCT_NAME = "$(TARGET_NAME)";
				PROVISIONING_PROFILE_SPECIFIER = "";
				TARGETED_DEVICE_FAMILY = "1,2";
			};
			name = Release;
		};
		0440870E231E047F00E65CCE /* Debug */ = {
			isa = XCBuildConfiguration;
			buildSettings = {
				BUNDLE_LOADER = "$(TEST_HOST)";
				CODE_SIGN_STYLE = Automatic;
				DEVELOPMENT_TEAM = 8MCBLL5HW5;
				INFOPLIST_FILE = AlgorithmTests/Info.plist;
				LD_RUNPATH_SEARCH_PATHS = (
					"$(inherited)",
					"@executable_path/Frameworks",
					"@loader_path/Frameworks",
				);
				PRODUCT_BUNDLE_IDENTIFIER = com.cnki.AlgorithmTests;
				PRODUCT_NAME = "$(TARGET_NAME)";
				TARGETED_DEVICE_FAMILY = "1,2";
				TEST_HOST = "$(BUILT_PRODUCTS_DIR)/Algorithm.app/Algorithm";
			};
			name = Debug;
		};
		0440870F231E047F00E65CCE /* Release */ = {
			isa = XCBuildConfiguration;
			buildSettings = {
				BUNDLE_LOADER = "$(TEST_HOST)";
				CODE_SIGN_STYLE = Automatic;
				DEVELOPMENT_TEAM = 8MCBLL5HW5;
				INFOPLIST_FILE = AlgorithmTests/Info.plist;
				LD_RUNPATH_SEARCH_PATHS = (
					"$(inherited)",
					"@executable_path/Frameworks",
					"@loader_path/Frameworks",
				);
				PRODUCT_BUNDLE_IDENTIFIER = com.cnki.AlgorithmTests;
				PRODUCT_NAME = "$(TARGET_NAME)";
				TARGETED_DEVICE_FAMILY = "1,2";
				TEST_HOST = "$(BUILT_PRODUCTS_DIR)/Algorithm.app/Algorithm";
			};
			name = Release;
		};
		04408711231E047F00E65CCE /* Debug */ = {
			isa = XCBuildConfiguration;
			buildSettings = {
				CODE_SIGN_STYLE = Automatic;
				DEVELOPMENT_TEAM = 8MCBLL5HW5;
				INFOPLIST_FILE = AlgorithmUITests/Info.plist;
				LD_RUNPATH_SEARCH_PATHS = (
					"$(inherited)",
					"@executable_path/Frameworks",
					"@loader_path/Frameworks",
				);
				PRODUCT_BUNDLE_IDENTIFIER = com.cnki.AlgorithmUITests;
				PRODUCT_NAME = "$(TARGET_NAME)";
				TARGETED_DEVICE_FAMILY = "1,2";
				TEST_TARGET_NAME = Algorithm;
			};
			name = Debug;
		};
		04408712231E047F00E65CCE /* Release */ = {
			isa = XCBuildConfiguration;
			buildSettings = {
				CODE_SIGN_STYLE = Automatic;
				DEVELOPMENT_TEAM = 8MCBLL5HW5;
				INFOPLIST_FILE = AlgorithmUITests/Info.plist;
				LD_RUNPATH_SEARCH_PATHS = (
					"$(inherited)",
					"@executable_path/Frameworks",
					"@loader_path/Frameworks",
				);
				PRODUCT_BUNDLE_IDENTIFIER = com.cnki.AlgorithmUITests;
				PRODUCT_NAME = "$(TARGET_NAME)";
				TARGETED_DEVICE_FAMILY = "1,2";
				TEST_TARGET_NAME = Algorithm;
			};
			name = Release;
		};
/* End XCBuildConfiguration section */

/* Begin XCConfigurationList section */
		044086D9231E047E00E65CCE /* Build configuration list for PBXProject "Algorithm" */ = {
			isa = XCConfigurationList;
			buildConfigurations = (
				04408708231E047F00E65CCE /* Debug */,
				04408709231E047F00E65CCE /* Release */,
			);
			defaultConfigurationIsVisible = 0;
			defaultConfigurationName = Release;
		};
		0440870A231E047F00E65CCE /* Build configuration list for PBXNativeTarget "Algorithm" */ = {
			isa = XCConfigurationList;
			buildConfigurations = (
				0440870B231E047F00E65CCE /* Debug */,
				0440870C231E047F00E65CCE /* Release */,
			);
			defaultConfigurationIsVisible = 0;
			defaultConfigurationName = Release;
		};
		0440870D231E047F00E65CCE /* Build configuration list for PBXNativeTarget "AlgorithmTests" */ = {
			isa = XCConfigurationList;
			buildConfigurations = (
				0440870E231E047F00E65CCE /* Debug */,
				0440870F231E047F00E65CCE /* Release */,
			);
			defaultConfigurationIsVisible = 0;
			defaultConfigurationName = Release;
		};
		04408710231E047F00E65CCE /* Build configuration list for PBXNativeTarget "AlgorithmUITests" */ = {
			isa = XCConfigurationList;
			buildConfigurations = (
				04408711231E047F00E65CCE /* Debug */,
				04408712231E047F00E65CCE /* Release */,
			);
			defaultConfigurationIsVisible = 0;
			defaultConfigurationName = Release;
		};
/* End XCConfigurationList section */
	};
	rootObject = 044086D6231E047E00E65CCE /* Project object */;
}
